
Microsoft Visual Studio Solution File, Format Version 12.00
# Visual Studio Version 17
VisualStudioVersion = 17.6.33815.320
MinimumVisualStudioVersion = 10.0.40219.1
Project("{FAE04EC0-301F-11D3-BF4B-00C04F79EFBC}") = "ProjetoBanco", "ProjetoBanco\ProjetoBanco.csproj", "{34F0C493-8DDB-418B-9812-91132F2303B5}"
EndProject
Global
	GlobalSection(SolutionConfigurationPlatforms) = preSolution
		Debug|Any CPU = Debug|Any CPU
		Release|Any CPU = Release|Any CPU
	EndGlobalSection
	GlobalSection(ProjectConfigurationPlatforms) = postSolution
		{34F0C493-8DDB-418B-9812-91132F2303B5}.Debug|Any CPU.ActiveCfg = Debug|Any CPU
		{34F0C493-8DDB-418B-9812-91132F2303B5}.Debug|Any CPU.Build.0 = Debug|Any CPU
		{34F0C493-8DDB-418B-9812-91132F2303B5}.Release|Any CPU.ActiveCfg = Release|Any CPU
		{34F0C493-8DDB-418B-9812-91132F2303B5}.Release|Any CPU.Build.0 = Release|Any CPU
	EndGlobalSection
	GlobalSection(SolutionProperties) = preSolution
		HideSolutionNode = FALSE
	EndGlobalSection
	GlobalSection(ExtensibilityGlobals) = postSolution
		SolutionGuid = {72C80918-9D5C-4E16-873F-0EBB747452A8}
	EndGlobalSection
EndGlobal
