
Microsoft Visual Studio Solution File, Format Version 12.00
# Visual Studio Version 17
VisualStudioVersion = 17.6.33815.320
MinimumVisualStudioVersion = 10.0.40219.1
Project("{FAE04EC0-301F-11D3-BF4B-00C04F79EFBC}") = "Aula5", "Aula5\Aula5.csproj", "{48D0AFEC-BD17-4ED8-AE4E-EAB8F785C1D0}"
EndProject
Global
	GlobalSection(SolutionConfigurationPlatforms) = preSolution
		Debug|Any CPU = Debug|Any CPU
		Release|Any CPU = Release|Any CPU
	EndGlobalSection
	GlobalSection(ProjectConfigurationPlatforms) = postSolution
		{48D0AFEC-BD17-4ED8-AE4E-EAB8F785C1D0}.Debug|Any CPU.ActiveCfg = Debug|Any CPU
		{48D0AFEC-BD17-4ED8-AE4E-EAB8F785C1D0}.Debug|Any CPU.Build.0 = Debug|Any CPU
		{48D0AFEC-BD17-4ED8-AE4E-EAB8F785C1D0}.Release|Any CPU.ActiveCfg = Release|Any CPU
		{48D0AFEC-BD17-4ED8-AE4E-EAB8F785C1D0}.Release|Any CPU.Build.0 = Release|Any CPU
	EndGlobalSection
	GlobalSection(SolutionProperties) = preSolution
		HideSolutionNode = FALSE
	EndGlobalSection
	GlobalSection(ExtensibilityGlobals) = postSolution
		SolutionGuid = {545B54E8-E0C2-488C-B630-40303B6C8A44}
	EndGlobalSection
EndGlobal
